
Microsoft Visual Studio Solution File, Format Version 12.00
# Visual Studio Version 17
VisualStudioVersion = 17.3.32901.215
MinimumVisualStudioVersion = 10.0.40219.1
Project("{FAE04EC0-301F-11D3-BF4B-00C04F79EFBC}") = "WebApplication03", "WebApplication03\WebApplication03.csproj", "{FE1605FC-BA60-4579-993C-1E0040D2FC38}"
EndProject
Global
	GlobalSection(SolutionConfigurationPlatforms) = preSolution
		Debug|Any CPU = Debug|Any CPU
		Release|Any CPU = Release|Any CPU
	EndGlobalSection
	GlobalSection(ProjectConfigurationPlatforms) = postSolution
		{FE1605FC-BA60-4579-993C-1E0040D2FC38}.Debug|Any CPU.ActiveCfg = Debug|Any CPU
		{FE1605FC-BA60-4579-993C-1E0040D2FC38}.Debug|Any CPU.Build.0 = Debug|Any CPU
		{FE1605FC-BA60-4579-993C-1E0040D2FC38}.Release|Any CPU.ActiveCfg = Release|Any CPU
		{FE1605FC-BA60-4579-993C-1E0040D2FC38}.Release|Any CPU.Build.0 = Release|Any CPU
	EndGlobalSection
	GlobalSection(SolutionProperties) = preSolution
		HideSolutionNode = FALSE
	EndGlobalSection
	GlobalSection(ExtensibilityGlobals) = postSolution
		SolutionGuid = {7B020C03-99A8-4FCA-945E-18A5B3CA723F}
	EndGlobalSection
EndGlobal
